
Microsoft Visual Studio Solution File, Format Version 12.00
# Visual Studio Version 16
VisualStudioVersion = 16.0.30621.155
MinimumVisualStudioVersion = 10.0.40219.1
Project("{FAE04EC0-301F-11D3-BF4B-00C04F79EFBC}") = "HomePage", "HomePage.csproj", "{A27E0ADC-2F11-4EED-92A0-5CA34EB9BA8D}"
EndProject
Global
	GlobalSection(SolutionConfigurationPlatforms) = preSolution
		Debug|Any CPU = Debug|Any CPU
		Release|Any CPU = Release|Any CPU
	EndGlobalSection
	GlobalSection(ProjectConfigurationPlatforms) = postSolution
		{A27E0ADC-2F11-4EED-92A0-5CA34EB9BA8D}.Debug|Any CPU.ActiveCfg = Debug|Any CPU
		{A27E0ADC-2F11-4EED-92A0-5CA34EB9BA8D}.Debug|Any CPU.Build.0 = Debug|Any CPU
		{A27E0ADC-2F11-4EED-92A0-5CA34EB9BA8D}.Release|Any CPU.ActiveCfg = Release|Any CPU
		{A27E0ADC-2F11-4EED-92A0-5CA34EB9BA8D}.Release|Any CPU.Build.0 = Release|Any CPU
	EndGlobalSection
	GlobalSection(SolutionProperties) = preSolution
		HideSolutionNode = FALSE
	EndGlobalSection
	GlobalSection(ExtensibilityGlobals) = postSolution
		SolutionGuid = {4A79AB9C-6644-4A05-ACAC-508F985E3F03}
	EndGlobalSection
EndGlobal
