
Microsoft Visual Studio Solution File, Format Version 12.00
# Visual Studio Version 16
VisualStudioVersion = 16.0.30621.155
MinimumVisualStudioVersion = 10.0.40219.1
Project("{FAE04EC0-301F-11D3-BF4B-00C04F79EFBC}") = "Registration", "Registration.csproj", "{F250DA20-E658-4706-988E-18141456A22C}"
EndProject
Global
	GlobalSection(SolutionConfigurationPlatforms) = preSolution
		Debug|Any CPU = Debug|Any CPU
		Release|Any CPU = Release|Any CPU
	EndGlobalSection
	GlobalSection(ProjectConfigurationPlatforms) = postSolution
		{F250DA20-E658-4706-988E-18141456A22C}.Debug|Any CPU.ActiveCfg = Debug|Any CPU
		{F250DA20-E658-4706-988E-18141456A22C}.Debug|Any CPU.Build.0 = Debug|Any CPU
		{F250DA20-E658-4706-988E-18141456A22C}.Release|Any CPU.ActiveCfg = Release|Any CPU
		{F250DA20-E658-4706-988E-18141456A22C}.Release|Any CPU.Build.0 = Release|Any CPU
	EndGlobalSection
	GlobalSection(SolutionProperties) = preSolution
		HideSolutionNode = FALSE
	EndGlobalSection
	GlobalSection(ExtensibilityGlobals) = postSolution
		SolutionGuid = {D58C8621-45F4-49E3-8B3E-55423D4F262C}
	EndGlobalSection
EndGlobal
