
Microsoft Visual Studio Solution File, Format Version 12.00
# Visual Studio Version 16
VisualStudioVersion = 16.0.30717.126
MinimumVisualStudioVersion = 10.0.40219.1
Project("{FAE04EC0-301F-11D3-BF4B-00C04F79EFBC}") = "Dashboard", "Dashboard.csproj", "{7F3FA184-7261-4BC9-8641-6D17157D522A}"
EndProject
Global
	GlobalSection(SolutionConfigurationPlatforms) = preSolution
		Debug|Any CPU = Debug|Any CPU
		Release|Any CPU = Release|Any CPU
	EndGlobalSection
	GlobalSection(ProjectConfigurationPlatforms) = postSolution
		{7F3FA184-7261-4BC9-8641-6D17157D522A}.Debug|Any CPU.ActiveCfg = Debug|Any CPU
		{7F3FA184-7261-4BC9-8641-6D17157D522A}.Debug|Any CPU.Build.0 = Debug|Any CPU
		{7F3FA184-7261-4BC9-8641-6D17157D522A}.Release|Any CPU.ActiveCfg = Release|Any CPU
		{7F3FA184-7261-4BC9-8641-6D17157D522A}.Release|Any CPU.Build.0 = Release|Any CPU
	EndGlobalSection
	GlobalSection(SolutionProperties) = preSolution
		HideSolutionNode = FALSE
	EndGlobalSection
	GlobalSection(ExtensibilityGlobals) = postSolution
		SolutionGuid = {B3664318-E62C-45EB-A39E-8D433B2E4312}
	EndGlobalSection
EndGlobal
